// !$*UTF8*$!
{
	archiveVersion = 1;
	classes = {
	};
	objectVersion = 50;
	objects = {

/* Begin PBXBuildFile section */
		483EFCCA248304D9005CA41D /* AppDelegate.swift in Sources */ = {isa = PBXBuildFile; fileRef = 483EFCC9248304D9005CA41D /* AppDelegate.swift */; };
		483EFCCC248304D9005CA41D /* SceneDelegate.swift in Sources */ = {isa = PBXBuildFile; fileRef = 483EFCCB248304D9005CA41D /* SceneDelegate.swift */; };
		483EFCCE248304D9005CA41D /* ContentView.swift in Sources */ = {isa = PBXBuildFile; fileRef = 483EFCCD248304D9005CA41D /* ContentView.swift */; };
		483EFCD0248304DA005CA41D /* Assets.xcassets in Resources */ = {isa = PBXBuildFile; fileRef = 483EFCCF248304DA005CA41D /* Assets.xcassets */; };
		483EFCD3248304DA005CA41D /* Preview Assets.xcassets in Resources */ = {isa = PBXBuildFile; fileRef = 483EFCD2248304DA005CA41D /* Preview Assets.xcassets */; };
		483EFCD6248304DA005CA41D /* LaunchScreen.storyboard in Resources */ = {isa = PBXBuildFile; fileRef = 483EFCD4248304DA005CA41D /* LaunchScreen.storyboard */; };
/* End PBXBuildFile section */

/* Begin PBXFileReference section */
		483EFCC6248304D9005CA41D /* Countree.app */ = {isa = PBXFileReference; explicitFileType = wrapper.application; includeInIndex = 0; path = Countree.app; sourceTree = BUILT_PRODUCTS_DIR; };
		483EFCC9248304D9005CA41D /* AppDelegate.swift */ = {isa = PBXFileReference; lastKnownFileType = sourcecode.swift; path = AppDelegate.swift; sourceTree = "<group>"; };
		483EFCCB248304D9005CA41D /* SceneDelegate.swift */ = {isa = PBXFileReference; lastKnownFileType = sourcecode.swift; path = SceneDelegate.swift; sourceTree = "<group>"; };
		483EFCCD248304D9005CA41D /* ContentView.swift */ = {isa = PBXFileReference; lastKnownFileType = sourcecode.swift; path = ContentView.swift; sourceTree = "<group>"; };
		483EFCCF248304DA005CA41D /* Assets.xcassets */ = {isa = PBXFileReference; lastKnownFileType = folder.assetcatalog; path = Assets.xcassets; sourceTree = "<group>"; };
		483EFCD2248304DA005CA41D /* Preview Assets.xcassets */ = {isa = PBXFileReference; lastKnownFileType = folder.assetcatalog; path = "Preview Assets.xcassets"; sourceTree = "<group>"; };
		483EFCD5248304DA005CA41D /* Base */ = {isa = PBXFileReference; lastKnownFileType = file.storyboard; name = Base; path = Base.lproj/LaunchScreen.storyboard; sourceTree = "<group>"; };
		483EFCD7248304DA005CA41D /* Info.plist */ = {isa = PBXFileReference; lastKnownFileType = text.plist.xml; path = Info.plist; sourceTree = "<group>"; };
/* End PBXFileReference section */

/* Begin PBXFrameworksBuildPhase section */
		483EFCC3248304D9005CA41D /* Frameworks */ = {
			isa = PBXFrameworksBuildPhase;
			buildActionMask = 2147483647;
			files = (
			);
			runOnlyForDeploymentPostprocessing = 0;
		};
/* End PBXFrameworksBuildPhase section */

/* Begin PBXGroup section */
		483EFCBD248304D9005CA41D = {
			isa = PBXGroup;
			children = (
				483EFCC8248304D9005CA41D /* Countree */,
				483EFCC7248304D9005CA41D /* Products */,
			);
			sourceTree = "<group>";
		};
		483EFCC7248304D9005CA41D /* Products */ = {
			isa = PBXGroup;
			children = (
				483EFCC6248304D9005CA41D /* Countree.app */,
			);
			name = Products;
			sourceTree = "<group>";
		};
		483EFCC8248304D9005CA41D /* Countree */ = {
			isa = PBXGroup;
			children = (
				483EFCC9248304D9005CA41D /* AppDelegate.swift */,
				483EFCCB248304D9005CA41D /* SceneDelegate.swift */,
				483EFCCD248304D9005CA41D /* ContentView.swift */,
				483EFCCF248304DA005CA41D /* Assets.xcassets */,
				483EFCD4248304DA005CA41D /* LaunchScreen.storyboard */,
				483EFCD7248304DA005CA41D /* Info.plist */,
				483EFCD1248304DA005CA41D /* Preview Content */,
			);
			path = Countree;
			sourceTree = "<group>";
		};
		483EFCD1248304DA005CA41D /* Preview Content */ = {
			isa = PBXGroup;
			children = (
				483EFCD2248304DA005CA41D /* Preview Assets.xcassets */,
			);
			path = "Preview Content";
			sourceTree = "<group>";
		};
/* End PBXGroup section */

/* Begin PBXNativeTarget section */
		483EFCC5248304D9005CA41D /* Countree */ = {
			isa = PBXNativeTarget;
			buildConfigurationList = 483EFCDA248304DA005CA41D /* Build configuration list for PBXNativeTarget "Countree" */;
			buildPhases = (
				483EFCC2248304D9005CA41D /* Sources */,
				483EFCC3248304D9005CA41D /* Frameworks */,
				483EFCC4248304D9005CA41D /* Resources */,
			);
			buildRules = (
			);
			dependencies = (
			);
			name = Countree;
			productName = Countree;
			productReference = 483EFCC6248304D9005CA41D /* Countree.app */;
			productType = "com.apple.product-type.application";
		};
/* End PBXNativeTarget section */

/* Begin PBXProject section */
		483EFCBE248304D9005CA41D /* Project object */ = {
			isa = PBXProject;
			attributes = {
				LastSwiftUpdateCheck = 1150;
				LastUpgradeCheck = 1150;
				ORGANIZATIONNAME = "Onur Com";
				TargetAttributes = {
					483EFCC5248304D9005CA41D = {
						CreatedOnToolsVersion = 11.5;
					};
				};
			};
			buildConfigurationList = 483EFCC1248304D9005CA41D /* Build configuration list for PBXProject "Countree" */;
			compatibilityVersion = "Xcode 9.3";
			developmentRegion = en;
			hasScannedForEncodings = 0;
			knownRegions = (
				en,
				Base,
			);
			mainGroup = 483EFCBD248304D9005CA41D;
			productRefGroup = 483EFCC7248304D9005CA41D /* Products */;
			projectDirPath = "";
			projectRoot = "";
			targets = (
				483EFCC5248304D9005CA41D /* Countree */,
			);
		};
/* End PBXProject section */

/* Begin PBXResourcesBuildPhase section */
		483EFCC4248304D9005CA41D /* Resources */ = {
			isa = PBXResourcesBuildPhase;
			buildActionMask = 2147483647;
			files = (
				483EFCD6248304DA005CA41D /* LaunchScreen.storyboard in Resources */,
				483EFCD3248304DA005CA41D /* Preview Assets.xcassets in Resources */,
				483EFCD0248304DA005CA41D /* Assets.xcassets in Resources */,
			);
			runOnlyForDeploymentPostprocessing = 0;
		};
/* End PBXResourcesBuildPhase section */

/* Begin PBXSourcesBuildPhase section */
		483EFCC2248304D9005CA41D /* Sources */ = {
			isa = PBXSourcesBuildPhase;
			buildActionMask = 2147483647;
			files = (
				483EFCCA248304D9005CA41D /* AppDelegate.swift in Sources */,
				483EFCCC248304D9005CA41D /* SceneDelegate.swift in Sources */,
				483EFCCE248304D9005CA41D /* ContentView.swift in Sources */,
			);
			runOnlyForDeploymentPostprocessing = 0;
		};
/* End PBXSourcesBuildPhase section */

/* Begin PBXVariantGroup section */
		483EFCD4248304DA005CA41D /* LaunchScreen.storyboard */ = {
			isa = PBXVariantGroup;
			children = (
				483EFCD5248304DA005CA41D /* Base */,
			);
			name = LaunchScreen.storyboard;
			sourceTree = "<group>";
		};
/* End PBXVariantGroup section */

/* Begin XCBuildConfiguration section */
		483EFCD8248304DA005CA41D /* Debug */ = {
			isa = XCBuildConfiguration;
			buildSettings = {
				ALWAYS_SEARCH_USER_PATHS = NO;
				CLANG_ANALYZER_NONNULL = YES;
				CLANG_ANALYZER_NUMBER_OBJECT_CONVERSION = YES_AGGRESSIVE;
				CLANG_CXX_LANGUAGE_STANDARD = "gnu++14";
				CLANG_CXX_LIBRARY = "libc++";
				CLANG_ENABLE_MODULES = YES;
				CLANG_ENABLE_OBJC_ARC = YES;
				CLANG_ENABLE_OBJC_WEAK = YES;
				CLANG_WARN_BLOCK_CAPTURE_AUTORELEASING = YES;
				CLANG_WARN_BOOL_CONVERSION = YES;
				CLANG_WARN_COMMA = YES;
				CLANG_WARN_CONSTANT_CONVERSION = YES;
				CLANG_WARN_DEPRECATED_OBJC_IMPLEMENTATIONS = YES;
				CLANG_WARN_DIRECT_OBJC_ISA_USAGE = YES_ERROR;
				CLANG_WARN_DOCUMENTATION_COMMENTS = YES;
				CLANG_WARN_EMPTY_BODY = YES;
				CLANG_WARN_ENUM_CONVERSION = YES;
				CLANG_WARN_INFINITE_RECURSION = YES;
				CLANG_WARN_INT_CONVERSION = YES;
				CLANG_WARN_NON_LITERAL_NULL_CONVERSION = YES;
				CLANG_WARN_OBJC_IMPLICIT_RETAIN_SELF = YES;
				CLANG_WARN_OBJC_LITERAL_CONVERSION = YES;
				CLANG_WARN_OBJC_ROOT_CLASS = YES_ERROR;
				CLANG_WARN_RANGE_LOOP_ANALYSIS = YES;
				CLANG_WARN_STRICT_PROTOTYPES = YES;
				CLANG_WARN_SUSPICIOUS_MOVE = YES;
				CLANG_WARN_UNGUARDED_AVAILABILITY = YES_AGGRESSIVE;
				CLANG_WARN_UNREACHABLE_CODE = YES;
				CLANG_WARN__DUPLICATE_METHOD_MATCH = YES;
				COPY_PHASE_STRIP = NO;
				DEBUG_INFORMATION_FORMAT = dwarf;
				ENABLE_STRICT_OBJC_MSGSEND = YES;
				ENABLE_TESTABILITY = YES;
				GCC_C_LANGUAGE_STANDARD = gnu11;
				GCC_DYNAMIC_NO_PIC = NO;
				GCC_NO_COMMON_BLOCKS = YES;
				GCC_OPTIMIZATION_LEVEL = 0;
				GCC_PREPROCESSOR_DEFINITIONS = (
					"DEBUG=1",
					"$(inherited)",
				);
				GCC_WARN_64_TO_32_BIT_CONVERSION = YES;
				GCC_WARN_ABOUT_RETURN_TYPE = YES_ERROR;
				GCC_WARN_UNDECLARED_SELECTOR = YES;
				GCC_WARN_UNINITIALIZED_AUTOS = YES_AGGRESSIVE;
				GCC_WARN_UNUSED_FUNCTION = YES;
				GCC_WARN_UNUSED_VARIABLE = YES;
				IPHONEOS_DEPLOYMENT_TARGET = 13.5;
				MTL_ENABLE_DEBUG_INFO = INCLUDE_SOURCE;
				MTL_FAST_MATH = YES;
				ONLY_ACTIVE_ARCH = YES;
				SDKROOT = iphoneos;
				SWIFT_ACTIVE_COMPILATION_CONDITIONS = DEBUG;
				SWIFT_OPTIMIZATION_LEVEL = "-Onone";
			};
			name = Debug;
		};
		483EFCD9248304DA005CA41D /* Release */ = {
			isa = XCBuildConfiguration;
			buildSettings = {
				ALWAYS_SEARCH_USER_PATHS = NO;
				CLANG_ANALYZER_NONNULL = YES;
				CLANG_ANALYZER_NUMBER_OBJECT_CONVERSION = YES_AGGRESSIVE;
				CLANG_CXX_LANGUAGE_STANDARD = "gnu++14";
				CLANG_CXX_LIBRARY = "libc++";
				CLANG_ENABLE_MODULES = YES;
				CLANG_ENABLE_OBJC_ARC = YES;
				CLANG_ENABLE_OBJC_WEAK = YES;
				CLANG_WARN_BLOCK_CAPTURE_AUTORELEASING = YES;
				CLANG_WARN_BOOL_CONVERSION = YES;
				CLANG_WARN_COMMA = YES;
				CLANG_WARN_CONSTANT_CONVERSION = YES;
				CLANG_WARN_DEPRECATED_OBJC_IMPLEMENTATIONS = YES;
				CLANG_WARN_DIRECT_OBJC_ISA_USAGE = YES_ERROR;
				CLANG_WARN_DOCUMENTATION_COMMENTS = YES;
				CLANG_WARN_EMPTY_BODY = YES;
				CLANG_WARN_ENUM_CONVERSION = YES;
				CLANG_WARN_INFINITE_RECURSION = YES;
				CLANG_WARN_INT_CONVERSION = YES;
				CLANG_WARN_NON_LITERAL_NULL_CONVERSION = YES;
				CLANG_WARN_OBJC_IMPLICIT_RETAIN_SELF = YES;
				CLANG_WARN_OBJC_LITERAL_CONVERSION = YES;
				CLANG_WARN_OBJC_ROOT_CLASS = YES_ERROR;
				CLANG_WARN_RANGE_LOOP_ANALYSIS = YES;
				CLANG_WARN_STRICT_PROTOTYPES = YES;
				CLANG_WARN_SUSPICIOUS_MOVE = YES;
				CLANG_WARN_UNGUARDED_AVAILABILITY = YES_AGGRESSIVE;
				CLANG_WARN_UNREACHABLE_CODE = YES;
				CLANG_WARN__DUPLICATE_METHOD_MATCH = YES;
				COPY_PHASE_STRIP = NO;
				DEBUG_INFORMATION_FORMAT = "dwarf-with-dsym";
				ENABLE_NS_ASSERTIONS = NO;
				ENABLE_STRICT_OBJC_MSGSEND = YES;
				GCC_C_LANGUAGE_STANDARD = gnu11;
				GCC_NO_COMMON_BLOCKS = YES;
				GCC_WARN_64_TO_32_BIT_CONVERSION = YES;
				GCC_WARN_ABOUT_RETURN_TYPE = YES_ERROR;
				GCC_WARN_UNDECLARED_SELECTOR = YES;
				GCC_WARN_UNINITIALIZED_AUTOS = YES_AGGRESSIVE;
				GCC_WARN_UNUSED_FUNCTION = YES;
				GCC_WARN_UNUSED_VARIABLE = YES;
				IPHONEOS_DEPLOYMENT_TARGET = 13.5;
				MTL_ENABLE_DEBUG_INFO = NO;
				MTL_FAST_MATH = YES;
				SDKROOT = iphoneos;
				SWIFT_COMPILATION_MODE = wholemodule;
				SWIFT_OPTIMIZATION_LEVEL = "-O";
				VALIDATE_PRODUCT = YES;
			};
			name = Release;
		};
		483EFCDB248304DA005CA41D /* Debug */ = {
			isa = XCBuildConfiguration;
			buildSettings = {
				ASSETCATALOG_COMPILER_APPICON_NAME = AppIcon;
				CODE_SIGN_STYLE = Automatic;
				DEVELOPMENT_ASSET_PATHS = "\"Countree/Preview Content\"";
				DEVELOPMENT_TEAM = 675N4G59B5;
				ENABLE_PREVIEWS = YES;
				INFOPLIST_FILE = Countree/Info.plist;
				LD_RUNPATH_SEARCH_PATHS = (
					"$(inherited)",
					"@executable_path/Frameworks",
				);
				PRODUCT_BUNDLE_IDENTIFIER = com.onurcom.Countree;
				PRODUCT_NAME = "$(TARGET_NAME)";
				SWIFT_VERSION = 5.0;
				TARGETED_DEVICE_FAMILY = "1,2";
			};
			name = Debug;
		};
		483EFCDC248304DA005CA41D /* Release */ = {
			isa = XCBuildConfiguration;
			buildSettings = {
				ASSETCATALOG_COMPILER_APPICON_NAME = AppIcon;
				CODE_SIGN_STYLE = Automatic;
				DEVELOPMENT_ASSET_PATHS = "\"Countree/Preview Content\"";
				DEVELOPMENT_TEAM = 675N4G59B5;
				ENABLE_PREVIEWS = YES;
				INFOPLIST_FILE = Countree/Info.plist;
				LD_RUNPATH_SEARCH_PATHS = (
					"$(inherited)",
					"@executable_path/Frameworks",
				);
				PRODUCT_BUNDLE_IDENTIFIER = com.onurcom.Countree;
				PRODUCT_NAME = "$(TARGET_NAME)";
				SWIFT_VERSION = 5.0;
				TARGETED_DEVICE_FAMILY = "1,2";
			};
			name = Release;
		};
/* End XCBuildConfiguration section */

/* Begin XCConfigurationList section */
		483EFCC1248304D9005CA41D /* Build configuration list for PBXProject "Countree" */ = {
			isa = XCConfigurationList;
			buildConfigurations = (
				483EFCD8248304DA005CA41D /* Debug */,
				483EFCD9248304DA005CA41D /* Release */,
			);
			defaultConfigurationIsVisible = 0;
			defaultConfigurationName = Release;
		};
		483EFCDA248304DA005CA41D /* Build configuration list for PBXNativeTarget "Countree" */ = {
			isa = XCConfigurationList;
			buildConfigurations = (
				483EFCDB248304DA005CA41D /* Debug */,
				483EFCDC248304DA005CA41D /* Release */,
			);
			defaultConfigurationIsVisible = 0;
			defaultConfigurationName = Release;
		};
/* End XCConfigurationList section */
	};
	rootObject = 483EFCBE248304D9005CA41D /* Project object */;
}
